
Microsoft Visual Studio Solution File, Format Version 12.00
# Visual Studio 15
VisualStudioVersion = 15.0.27204.1
MinimumVisualStudioVersion = 10.0.40219.1
Project("{FAE04EC0-301F-11D3-BF4B-00C04F79EFBC}") = "FluentNuget", "FluentNuget\FluentNuget.csproj", "{44E570D0-E8BF-42FF-B6EA-B0A91F46B3B9}"
EndProject
Global
	GlobalSection(SolutionConfigurationPlatforms) = preSolution
		Debug|Any CPU = Debug|Any CPU
		Release|Any CPU = Release|Any CPU
	EndGlobalSection
	GlobalSection(ProjectConfigurationPlatforms) = postSolution
		{44E570D0-E8BF-42FF-B6EA-B0A91F46B3B9}.Debug|Any CPU.ActiveCfg = Debug|Any CPU
		{44E570D0-E8BF-42FF-B6EA-B0A91F46B3B9}.Debug|Any CPU.Build.0 = Debug|Any CPU
		{44E570D0-E8BF-42FF-B6EA-B0A91F46B3B9}.Release|Any CPU.ActiveCfg = Release|Any CPU
		{44E570D0-E8BF-42FF-B6EA-B0A91F46B3B9}.Release|Any CPU.Build.0 = Release|Any CPU
	EndGlobalSection
	GlobalSection(SolutionProperties) = preSolution
		HideSolutionNode = FALSE
	EndGlobalSection
	GlobalSection(ExtensibilityGlobals) = postSolution
		SolutionGuid = {23C0E1BE-3ACC-4AEB-9F2E-7590A7BD2A6A}
	EndGlobalSection
EndGlobal
